{
  "requires": true,
  "lockfileVersion": 1,
  "dependencies": {
    "@transloadit/prettier-bytes": {
      "version": "0.0.7",
      "resolved": "https://registry.npmjs.org/@transloadit/prettier-bytes/-/prettier-bytes-0.0.7.tgz",
      "integrity": "sha512-VeJbUb0wEKbcwaSlj5n+LscBl9IPgLPkHVGBkh00cztv6X4L/TJXK58LzFuBKX7/GAfiGhIwH67YTLTlzvIzBA=="
    },
    "@uppy/core": {
      "version": "1.19.1",
      "resolved": "https://registry.npmjs.org/@uppy/core/-/core-1.19.1.tgz",
      "integrity": "sha512-mAOXZjpwChD15+74f6M2FrkrYf+w35y/02o6P9ojZpj7NNkNIcqNAj05ksnuY5O+34BwUUOz7XvKthQr0fnHTw==",
      "requires": {
        "@transloadit/prettier-bytes": "0.0.7",
        "@uppy/store-default": "^1.2.7",
        "@uppy/utils": "^3.6.1",
        "cuid": "^2.1.1",
        "lodash.throttle": "^4.1.1",
        "mime-match": "^1.0.2",
        "namespace-emitter": "^2.0.1",
        "preact": "8.2.9"
      }
    },
    "@uppy/store-default": {
      "version": "1.2.7",
      "resolved": "https://registry.npmjs.org/@uppy/store-default/-/store-default-1.2.7.tgz",
      "integrity": "sha512-58IG9yk/i/kYQ9uEwAwMFl1H2V3syOoODrYoFfVHlxaqv+9MkXBg2tHE2gk40iaAIxcCErcPxZkBOvkqzO1SQA=="
    },
    "@uppy/thumbnail-generator": {
      "version": "1.7.10",
      "resolved": "https://registry.npmjs.org/@uppy/thumbnail-generator/-/thumbnail-generator-1.7.10.tgz",
      "integrity": "sha512-AIK0tqJEmzcbI1Z8Rs/sEXQAezxs+F5f1Z9Lnx+gmHYNUn15N899eP+IkePzhfPNBNs9EL7c2GIWHIFxvyUW6Q==",
      "requires": {
        "@uppy/utils": "^3.6.1",
        "exifr": "^6.0.0",
        "math-log2": "^1.0.1"
      }
    },
    "@uppy/utils": {
      "version": "3.6.1",
      "resolved": "https://registry.npmjs.org/@uppy/utils/-/utils-3.6.1.tgz",
      "integrity": "sha512-NxPdnYUg2jbywp6/oR825j2jAboZByqh3m3VN1AHptI0z9ksBRr6oBxBwliO7ht+pO5jHceKye50A9qjAZR6UQ==",
      "requires": {
        "abortcontroller-polyfill": "^1.4.0",
        "lodash.throttle": "^4.1.1"
      }
    },
    "abortcontroller-polyfill": {
      "version": "1.7.3",
      "resolved": "https://registry.npmjs.org/abortcontroller-polyfill/-/abortcontroller-polyfill-1.7.3.tgz",
      "integrity": "sha512-zetDJxd89y3X99Kvo4qFx8GKlt6GsvN3UcRZHwU6iFA/0KiOmhkTVhe8oRoTBiTVPZu09x3vCra47+w8Yz1+2Q=="
    },
    "cuid": {
      "version": "2.1.8",
      "resolved": "https://registry.npmjs.org/cuid/-/cuid-2.1.8.tgz",
      "integrity": "sha512-xiEMER6E7TlTPnDxrM4eRiC6TRgjNX9xzEZ5U/Se2YJKr7Mq4pJn/2XEHjl3STcSh96GmkHPcBXLES8M29wyyg=="
    },
    "exifr": {
      "version": "6.3.0",
      "resolved": "https://registry.npmjs.org/exifr/-/exifr-6.3.0.tgz",
      "integrity": "sha512-NCSOP15py+4QyvD90etFN0QOVj12ygVE8kfEDG8GDc+SXf9YAOxua2x5kGp6WvxbGjufA5C3r/1ZKHOpHbEWFg=="
    },
    "lodash.throttle": {
      "version": "4.1.1",
      "resolved": "https://registry.npmjs.org/lodash.throttle/-/lodash.throttle-4.1.1.tgz",
      "integrity": "sha1-wj6RtxAkKscMN/HhzaknTMOb8vQ="
    },
    "math-log2": {
      "version": "1.0.1",
      "resolved": "https://registry.npmjs.org/math-log2/-/math-log2-1.0.1.tgz",
      "integrity": "sha1-+4lBvl9evol55xjmJzsXjlhpRWU="
    },
    "mime-match": {
      "version": "1.0.2",
      "resolved": "https://registry.npmjs.org/mime-match/-/mime-match-1.0.2.tgz",
      "integrity": "sha1-P4fDHprxpf1IX7nbE0Qosju7e6g=",
      "requires": {
        "wildcard": "^1.1.0"
      }
    },
    "namespace-emitter": {
      "version": "2.0.1",
      "resolved": "https://registry.npmjs.org/namespace-emitter/-/namespace-emitter-2.0.1.tgz",
      "integrity": "sha512-N/sMKHniSDJBjfrkbS/tpkPj4RAbvW3mr8UAzvlMHyun93XEm83IAvhWtJVHo+RHn/oO8Job5YN4b+wRjSVp5g=="
    },
    "preact": {
      "version": "8.2.9",
      "resolved": "https://registry.npmjs.org/preact/-/preact-8.2.9.tgz",
      "integrity": "sha512-ThuGXBmJS3VsT+jIP+eQufD3L8pRw/PY3FoCys6O9Pu6aF12Pn9zAJDX99TfwRAFOCEKm/P0lwiPTbqKMJp0fA=="
    },
    "wildcard": {
      "version": "1.1.2",
      "resolved": "https://registry.npmjs.org/wildcard/-/wildcard-1.1.2.tgz",
      "integrity": "sha1-pwIEUwhNjNLv5wup02liY94XEKU="
    }
  }
}
